<?xml version="1.0" encoding="utf-8"?>
<Project ToolsVersion="4.0" xmlns="http://schemas.microsoft.com/developer/msbuild/2003">
  <ItemGroup>
    <Filter Include="Source Files">
      <UniqueIdentifier>{4FC737F1-C7A5-4376-A066-2A32D752A2FF}</UniqueIdentifier>
      <Extensions>cpp;c;cc;cxx;def;odl;idl;hpj;bat;asm;asmx</Extensions>
    </Filter>
    <Filter Include="Header Files">
      <UniqueIdentifier>{93995380-89BD-4b04-88EB-625FBE52EBFB}</UniqueIdentifier>
      <Extensions>h;hh;hpp;hxx;hm;inl;inc;xsd</Extensions>
    </Filter>
    <Filter Include="Resource Files">
      <UniqueIdentifier>{67DA6AB6-F800-4c08-8B7A-83BB121AAD01}</UniqueIdentifier>
      <Extensions>rc;ico;cur;bmp;dlg;rc2;rct;bin;rgs;gif;jpg;jpeg;jpe;resx;tiff;tif;png;wav;mfcribbon-ms</Extensions>
    </Filter>
    <Filter Include="Exceptions">
      <UniqueIdentifier>{e20e4953-1aff-4021-9de2-6de587bbe6db}</UniqueIdentifier>
      <Extensions>
      </Extensions>
    </Filter>
    <Filter Include="Exceptions\all">
      <UniqueIdentifier>{c716732c-9274-4370-8bd8-552fccc90639}</UniqueIdentifier>
      <Extensions>Exception.h</Extensions>
    </Filter>
    <Filter Include="Header Files\ISBN">
      <UniqueIdentifier>{7d83c9e3-0124-4213-83d1-f1d37224222d}</UniqueIdentifier>
    </Filter>
    <Filter Include="Source Files\ISBN">
      <UniqueIdentifier>{ff3531b3-aeef-438b-93f5-acf1ac71c52d}</UniqueIdentifier>
    </Filter>
  </ItemGroup>
  <ItemGroup>
    <Text Include="ReadMe.txt" />
  </ItemGroup>
  <ItemGroup>
    <ClInclude Include="stdafx.h">
      <Filter>Header Files</Filter>
    </ClInclude>
    <ClInclude Include="targetver.h">
      <Filter>Header Files</Filter>
    </ClInclude>
    <ClInclude Include="StringFuncs.h">
      <Filter>Header Files</Filter>
    </ClInclude>
    <ClInclude Include="typedefs.h">
      <Filter>Header Files</Filter>
    </ClInclude>
    <ClInclude Include="Constants.h">
      <Filter>Header Files</Filter>
    </ClInclude>
    <ClInclude Include="AllExceptions.h">
      <Filter>Exceptions</Filter>
    </ClInclude>
    <ClInclude Include="exceptions\MyException.h">
      <Filter>Exceptions\all</Filter>
    </ClInclude>
    <ClInclude Include="exceptions\RangeException.h">
      <Filter>Exceptions\all</Filter>
    </ClInclude>
    <ClInclude Include="ISBNClass.h">
      <Filter>Header Files\ISBN</Filter>
    </ClInclude>
    <ClInclude Include="ISBNOnePart.h">
      <Filter>Header Files\ISBN</Filter>
    </ClInclude>
    <ClInclude Include="ISBNType.h">
      <Filter>Header Files\ISBN</Filter>
    </ClInclude>
  </ItemGroup>
  <ItemGroup>
    <ClCompile Include="stdafx.cpp">
      <Filter>Source Files</Filter>
    </ClCompile>
    <ClCompile Include="StringFuncs.cpp">
      <Filter>Source Files</Filter>
    </ClCompile>
    <ClCompile Include="exceptions\MyException.cpp">
      <Filter>Exceptions\all</Filter>
    </ClCompile>
    <ClCompile Include="ISBNClass.cpp">
      <Filter>Source Files\ISBN</Filter>
    </ClCompile>
    <ClCompile Include="ISBNOnePart.cpp">
      <Filter>Source Files\ISBN</Filter>
    </ClCompile>
  </ItemGroup>
</Project>