
Microsoft Visual Studio Solution File, Format Version 12.00
# Visual Studio 14
VisualStudioVersion = 14.0.25420.1
MinimumVisualStudioVersion = 10.0.40219.1
Project("{8BC9CEB8-8B4A-11D0-8D11-00A0C91BC942}") = "DBConnector", "DBConnector\DBConnector.vcxproj", "{E8799C63-2DB2-4CA9-AC3B-914E33392FDD}"
	ProjectSection(ProjectDependencies) = postProject
		{469AF4B6-A64D-4B0D-B367-34EF312E32DC} = {469AF4B6-A64D-4B0D-B367-34EF312E32DC}
		{D87024FF-0C50-4527-B773-788A893E71F9} = {D87024FF-0C50-4527-B773-788A893E71F9}
	EndProjectSection
EndProject
Project("{8BC9CEB8-8B4A-11D0-8D11-00A0C91BC942}") = "Configuration", "Configuration\Configuration.vcxproj", "{D87024FF-0C50-4527-B773-788A893E71F9}"
EndProject
Project("{8BC9CEB8-8B4A-11D0-8D11-00A0C91BC942}") = "tests", "tests\tests.vcxproj", "{B9FABB93-AA8F-4F23-91C8-2D67CF314E99}"
	ProjectSection(ProjectDependencies) = postProject
		{92C9004D-42C5-4AE6-B1C3-91F55AF3B381} = {92C9004D-42C5-4AE6-B1C3-91F55AF3B381}
		{E8799C63-2DB2-4CA9-AC3B-914E33392FDD} = {E8799C63-2DB2-4CA9-AC3B-914E33392FDD}
		{469AF4B6-A64D-4B0D-B367-34EF312E32DC} = {469AF4B6-A64D-4B0D-B367-34EF312E32DC}
		{671695DD-651F-40F5-88A6-05BD226001F2} = {671695DD-651F-40F5-88A6-05BD226001F2}
	EndProjectSection
EndProject
Project("{8BC9CEB8-8B4A-11D0-8D11-00A0C91BC942}") = "ClassHierarchy", "ClassHierarchy\ClassHierarchy.vcxproj", "{469AF4B6-A64D-4B0D-B367-34EF312E32DC}"
	ProjectSection(ProjectDependencies) = postProject
		{92C9004D-42C5-4AE6-B1C3-91F55AF3B381} = {92C9004D-42C5-4AE6-B1C3-91F55AF3B381}
		{6D3D3FE6-7128-49CB-8B2A-CCD2C2E8BAD5} = {6D3D3FE6-7128-49CB-8B2A-CCD2C2E8BAD5}
	EndProjectSection
EndProject
Project("{8BC9CEB8-8B4A-11D0-8D11-00A0C91BC942}") = "HashFuncs", "HashFuncs\HashFuncs.vcxproj", "{6D3D3FE6-7128-49CB-8B2A-CCD2C2E8BAD5}"
EndProject
Project("{8BC9CEB8-8B4A-11D0-8D11-00A0C91BC942}") = "GUI.QT", "GUI.QT\GUI.QT.vcxproj", "{B12702AD-ABFB-343A-A199-8E24837244A3}"
	ProjectSection(ProjectDependencies) = postProject
		{E8799C63-2DB2-4CA9-AC3B-914E33392FDD} = {E8799C63-2DB2-4CA9-AC3B-914E33392FDD}
		{469AF4B6-A64D-4B0D-B367-34EF312E32DC} = {469AF4B6-A64D-4B0D-B367-34EF312E32DC}
		{671695DD-651F-40F5-88A6-05BD226001F2} = {671695DD-651F-40F5-88A6-05BD226001F2}
	EndProjectSection
EndProject
Project("{8BC9CEB8-8B4A-11D0-8D11-00A0C91BC942}") = "Controller.QT", "Controller.QT\Controller.QT.vcxproj", "{671695DD-651F-40F5-88A6-05BD226001F2}"
	ProjectSection(ProjectDependencies) = postProject
		{E8799C63-2DB2-4CA9-AC3B-914E33392FDD} = {E8799C63-2DB2-4CA9-AC3B-914E33392FDD}
		{D87024FF-0C50-4527-B773-788A893E71F9} = {D87024FF-0C50-4527-B773-788A893E71F9}
	EndProjectSection
EndProject
Project("{8BC9CEB8-8B4A-11D0-8D11-00A0C91BC942}") = "Logger", "Logger\Logger.vcxproj", "{92C9004D-42C5-4AE6-B1C3-91F55AF3B381}"
EndProject
Project("{6141683F-8A12-4E36-9623-2EB02B2C2303}") = "Setup", "Setup\Setup.isproj", "{B06FC142-D558-49D0-B6F8-4C9EF010F465}"
	ProjectSection(ProjectDependencies) = postProject
		{B12702AD-ABFB-343A-A199-8E24837244A3} = {B12702AD-ABFB-343A-A199-8E24837244A3}
	EndProjectSection
EndProject
Global
	GlobalSection(SolutionConfigurationPlatforms) = preSolution
		CD_ROM|x64 = CD_ROM|x64
		CD_ROM|x86 = CD_ROM|x86
		Debug|x64 = Debug|x64
		Debug|x86 = Debug|x86
		DVD-5|x64 = DVD-5|x64
		DVD-5|x86 = DVD-5|x86
		Release|x64 = Release|x64
		Release|x86 = Release|x86
		SingleImage|x64 = SingleImage|x64
		SingleImage|x86 = SingleImage|x86
	EndGlobalSection
	GlobalSection(ProjectConfigurationPlatforms) = postSolution
		{E8799C63-2DB2-4CA9-AC3B-914E33392FDD}.CD_ROM|x64.ActiveCfg = Release|x64
		{E8799C63-2DB2-4CA9-AC3B-914E33392FDD}.CD_ROM|x64.Build.0 = Release|x64
		{E8799C63-2DB2-4CA9-AC3B-914E33392FDD}.CD_ROM|x86.ActiveCfg = Release|Win32
		{E8799C63-2DB2-4CA9-AC3B-914E33392FDD}.CD_ROM|x86.Build.0 = Release|Win32
		{E8799C63-2DB2-4CA9-AC3B-914E33392FDD}.Debug|x64.ActiveCfg = Debug|x64
		{E8799C63-2DB2-4CA9-AC3B-914E33392FDD}.Debug|x64.Build.0 = Debug|x64
		{E8799C63-2DB2-4CA9-AC3B-914E33392FDD}.Debug|x86.ActiveCfg = Debug|Win32
		{E8799C63-2DB2-4CA9-AC3B-914E33392FDD}.Debug|x86.Build.0 = Debug|Win32
		{E8799C63-2DB2-4CA9-AC3B-914E33392FDD}.DVD-5|x64.ActiveCfg = Debug|x64
		{E8799C63-2DB2-4CA9-AC3B-914E33392FDD}.DVD-5|x64.Build.0 = Debug|x64
		{E8799C63-2DB2-4CA9-AC3B-914E33392FDD}.DVD-5|x86.ActiveCfg = Release|Win32
		{E8799C63-2DB2-4CA9-AC3B-914E33392FDD}.DVD-5|x86.Build.0 = Release|Win32
		{E8799C63-2DB2-4CA9-AC3B-914E33392FDD}.Release|x64.ActiveCfg = Release|x64
		{E8799C63-2DB2-4CA9-AC3B-914E33392FDD}.Release|x64.Build.0 = Release|x64
		{E8799C63-2DB2-4CA9-AC3B-914E33392FDD}.Release|x86.ActiveCfg = Release|Win32
		{E8799C63-2DB2-4CA9-AC3B-914E33392FDD}.Release|x86.Build.0 = Release|Win32
		{E8799C63-2DB2-4CA9-AC3B-914E33392FDD}.SingleImage|x64.ActiveCfg = Release|x64
		{E8799C63-2DB2-4CA9-AC3B-914E33392FDD}.SingleImage|x64.Build.0 = Release|x64
		{E8799C63-2DB2-4CA9-AC3B-914E33392FDD}.SingleImage|x86.ActiveCfg = Release|Win32
		{E8799C63-2DB2-4CA9-AC3B-914E33392FDD}.SingleImage|x86.Build.0 = Release|Win32
		{D87024FF-0C50-4527-B773-788A893E71F9}.CD_ROM|x64.ActiveCfg = Release|x64
		{D87024FF-0C50-4527-B773-788A893E71F9}.CD_ROM|x64.Build.0 = Release|x64
		{D87024FF-0C50-4527-B773-788A893E71F9}.CD_ROM|x86.ActiveCfg = Release|Win32
		{D87024FF-0C50-4527-B773-788A893E71F9}.CD_ROM|x86.Build.0 = Release|Win32
		{D87024FF-0C50-4527-B773-788A893E71F9}.Debug|x64.ActiveCfg = Debug|x64
		{D87024FF-0C50-4527-B773-788A893E71F9}.Debug|x64.Build.0 = Debug|x64
		{D87024FF-0C50-4527-B773-788A893E71F9}.Debug|x86.ActiveCfg = Debug|Win32
		{D87024FF-0C50-4527-B773-788A893E71F9}.Debug|x86.Build.0 = Debug|Win32
		{D87024FF-0C50-4527-B773-788A893E71F9}.DVD-5|x64.ActiveCfg = Debug|x64
		{D87024FF-0C50-4527-B773-788A893E71F9}.DVD-5|x64.Build.0 = Debug|x64
		{D87024FF-0C50-4527-B773-788A893E71F9}.DVD-5|x86.ActiveCfg = Release|Win32
		{D87024FF-0C50-4527-B773-788A893E71F9}.DVD-5|x86.Build.0 = Release|Win32
		{D87024FF-0C50-4527-B773-788A893E71F9}.Release|x64.ActiveCfg = Release|x64
		{D87024FF-0C50-4527-B773-788A893E71F9}.Release|x64.Build.0 = Release|x64
		{D87024FF-0C50-4527-B773-788A893E71F9}.Release|x86.ActiveCfg = Release|Win32
		{D87024FF-0C50-4527-B773-788A893E71F9}.Release|x86.Build.0 = Release|Win32
		{D87024FF-0C50-4527-B773-788A893E71F9}.SingleImage|x64.ActiveCfg = Release|x64
		{D87024FF-0C50-4527-B773-788A893E71F9}.SingleImage|x64.Build.0 = Release|x64
		{D87024FF-0C50-4527-B773-788A893E71F9}.SingleImage|x86.ActiveCfg = Release|Win32
		{D87024FF-0C50-4527-B773-788A893E71F9}.SingleImage|x86.Build.0 = Release|Win32
		{B9FABB93-AA8F-4F23-91C8-2D67CF314E99}.CD_ROM|x64.ActiveCfg = Release|x64
		{B9FABB93-AA8F-4F23-91C8-2D67CF314E99}.CD_ROM|x64.Build.0 = Release|x64
		{B9FABB93-AA8F-4F23-91C8-2D67CF314E99}.CD_ROM|x86.ActiveCfg = Release|Win32
		{B9FABB93-AA8F-4F23-91C8-2D67CF314E99}.CD_ROM|x86.Build.0 = Release|Win32
		{B9FABB93-AA8F-4F23-91C8-2D67CF314E99}.Debug|x64.ActiveCfg = Debug|x64
		{B9FABB93-AA8F-4F23-91C8-2D67CF314E99}.Debug|x64.Build.0 = Debug|x64
		{B9FABB93-AA8F-4F23-91C8-2D67CF314E99}.Debug|x86.ActiveCfg = Debug|Win32
		{B9FABB93-AA8F-4F23-91C8-2D67CF314E99}.Debug|x86.Build.0 = Debug|Win32
		{B9FABB93-AA8F-4F23-91C8-2D67CF314E99}.DVD-5|x64.ActiveCfg = Debug|x64
		{B9FABB93-AA8F-4F23-91C8-2D67CF314E99}.DVD-5|x64.Build.0 = Debug|x64
		{B9FABB93-AA8F-4F23-91C8-2D67CF314E99}.DVD-5|x86.ActiveCfg = Release|Win32
		{B9FABB93-AA8F-4F23-91C8-2D67CF314E99}.DVD-5|x86.Build.0 = Release|Win32
		{B9FABB93-AA8F-4F23-91C8-2D67CF314E99}.Release|x64.ActiveCfg = Release|x64
		{B9FABB93-AA8F-4F23-91C8-2D67CF314E99}.Release|x64.Build.0 = Release|x64
		{B9FABB93-AA8F-4F23-91C8-2D67CF314E99}.Release|x86.ActiveCfg = Release|Win32
		{B9FABB93-AA8F-4F23-91C8-2D67CF314E99}.Release|x86.Build.0 = Release|Win32
		{B9FABB93-AA8F-4F23-91C8-2D67CF314E99}.SingleImage|x64.ActiveCfg = Release|x64
		{B9FABB93-AA8F-4F23-91C8-2D67CF314E99}.SingleImage|x64.Build.0 = Release|x64
		{B9FABB93-AA8F-4F23-91C8-2D67CF314E99}.SingleImage|x86.ActiveCfg = Release|Win32
		{B9FABB93-AA8F-4F23-91C8-2D67CF314E99}.SingleImage|x86.Build.0 = Release|Win32
		{469AF4B6-A64D-4B0D-B367-34EF312E32DC}.CD_ROM|x64.ActiveCfg = Release|x64
		{469AF4B6-A64D-4B0D-B367-34EF312E32DC}.CD_ROM|x64.Build.0 = Release|x64
		{469AF4B6-A64D-4B0D-B367-34EF312E32DC}.CD_ROM|x86.ActiveCfg = Release|Win32
		{469AF4B6-A64D-4B0D-B367-34EF312E32DC}.CD_ROM|x86.Build.0 = Release|Win32
		{469AF4B6-A64D-4B0D-B367-34EF312E32DC}.Debug|x64.ActiveCfg = Debug|x64
		{469AF4B6-A64D-4B0D-B367-34EF312E32DC}.Debug|x64.Build.0 = Debug|x64
		{469AF4B6-A64D-4B0D-B367-34EF312E32DC}.Debug|x86.ActiveCfg = Debug|Win32
		{469AF4B6-A64D-4B0D-B367-34EF312E32DC}.Debug|x86.Build.0 = Debug|Win32
		{469AF4B6-A64D-4B0D-B367-34EF312E32DC}.Debug|x86.Deploy.0 = Debug|Win32
		{469AF4B6-A64D-4B0D-B367-34EF312E32DC}.DVD-5|x64.ActiveCfg = Debug|x64
		{469AF4B6-A64D-4B0D-B367-34EF312E32DC}.DVD-5|x64.Build.0 = Debug|x64
		{469AF4B6-A64D-4B0D-B367-34EF312E32DC}.DVD-5|x86.ActiveCfg = Release|Win32
		{469AF4B6-A64D-4B0D-B367-34EF312E32DC}.DVD-5|x86.Build.0 = Release|Win32
		{469AF4B6-A64D-4B0D-B367-34EF312E32DC}.Release|x64.ActiveCfg = Release|x64
		{469AF4B6-A64D-4B0D-B367-34EF312E32DC}.Release|x64.Build.0 = Release|x64
		{469AF4B6-A64D-4B0D-B367-34EF312E32DC}.Release|x86.ActiveCfg = Release|Win32
		{469AF4B6-A64D-4B0D-B367-34EF312E32DC}.Release|x86.Build.0 = Release|Win32
		{469AF4B6-A64D-4B0D-B367-34EF312E32DC}.SingleImage|x64.ActiveCfg = Release|x64
		{469AF4B6-A64D-4B0D-B367-34EF312E32DC}.SingleImage|x64.Build.0 = Release|x64
		{469AF4B6-A64D-4B0D-B367-34EF312E32DC}.SingleImage|x86.ActiveCfg = Release|Win32
		{469AF4B6-A64D-4B0D-B367-34EF312E32DC}.SingleImage|x86.Build.0 = Release|Win32
		{6D3D3FE6-7128-49CB-8B2A-CCD2C2E8BAD5}.CD_ROM|x64.ActiveCfg = Release|x64
		{6D3D3FE6-7128-49CB-8B2A-CCD2C2E8BAD5}.CD_ROM|x64.Build.0 = Release|x64
		{6D3D3FE6-7128-49CB-8B2A-CCD2C2E8BAD5}.CD_ROM|x86.ActiveCfg = Release|Win32
		{6D3D3FE6-7128-49CB-8B2A-CCD2C2E8BAD5}.CD_ROM|x86.Build.0 = Release|Win32
		{6D3D3FE6-7128-49CB-8B2A-CCD2C2E8BAD5}.Debug|x64.ActiveCfg = Debug|x64
		{6D3D3FE6-7128-49CB-8B2A-CCD2C2E8BAD5}.Debug|x64.Build.0 = Debug|x64
		{6D3D3FE6-7128-49CB-8B2A-CCD2C2E8BAD5}.Debug|x86.ActiveCfg = Debug|Win32
		{6D3D3FE6-7128-49CB-8B2A-CCD2C2E8BAD5}.Debug|x86.Build.0 = Debug|Win32
		{6D3D3FE6-7128-49CB-8B2A-CCD2C2E8BAD5}.DVD-5|x64.ActiveCfg = Debug|x64
		{6D3D3FE6-7128-49CB-8B2A-CCD2C2E8BAD5}.DVD-5|x64.Build.0 = Debug|x64
		{6D3D3FE6-7128-49CB-8B2A-CCD2C2E8BAD5}.DVD-5|x86.ActiveCfg = Release|Win32
		{6D3D3FE6-7128-49CB-8B2A-CCD2C2E8BAD5}.DVD-5|x86.Build.0 = Release|Win32
		{6D3D3FE6-7128-49CB-8B2A-CCD2C2E8BAD5}.Release|x64.ActiveCfg = Release|x64
		{6D3D3FE6-7128-49CB-8B2A-CCD2C2E8BAD5}.Release|x64.Build.0 = Release|x64
		{6D3D3FE6-7128-49CB-8B2A-CCD2C2E8BAD5}.Release|x86.ActiveCfg = Release|Win32
		{6D3D3FE6-7128-49CB-8B2A-CCD2C2E8BAD5}.Release|x86.Build.0 = Release|Win32
		{6D3D3FE6-7128-49CB-8B2A-CCD2C2E8BAD5}.SingleImage|x64.ActiveCfg = Release|x64
		{6D3D3FE6-7128-49CB-8B2A-CCD2C2E8BAD5}.SingleImage|x64.Build.0 = Release|x64
		{6D3D3FE6-7128-49CB-8B2A-CCD2C2E8BAD5}.SingleImage|x86.ActiveCfg = Release|Win32
		{6D3D3FE6-7128-49CB-8B2A-CCD2C2E8BAD5}.SingleImage|x86.Build.0 = Release|Win32
		{B12702AD-ABFB-343A-A199-8E24837244A3}.CD_ROM|x64.ActiveCfg = Release|Win32
		{B12702AD-ABFB-343A-A199-8E24837244A3}.CD_ROM|x64.Build.0 = Release|Win32
		{B12702AD-ABFB-343A-A199-8E24837244A3}.CD_ROM|x86.ActiveCfg = Release|Win32
		{B12702AD-ABFB-343A-A199-8E24837244A3}.CD_ROM|x86.Build.0 = Release|Win32
		{B12702AD-ABFB-343A-A199-8E24837244A3}.Debug|x64.ActiveCfg = Debug|Win32
		{B12702AD-ABFB-343A-A199-8E24837244A3}.Debug|x86.ActiveCfg = Debug|Win32
		{B12702AD-ABFB-343A-A199-8E24837244A3}.Debug|x86.Build.0 = Debug|Win32
		{B12702AD-ABFB-343A-A199-8E24837244A3}.DVD-5|x64.ActiveCfg = Release|Win32
		{B12702AD-ABFB-343A-A199-8E24837244A3}.DVD-5|x64.Build.0 = Release|Win32
		{B12702AD-ABFB-343A-A199-8E24837244A3}.DVD-5|x86.ActiveCfg = Release|Win32
		{B12702AD-ABFB-343A-A199-8E24837244A3}.DVD-5|x86.Build.0 = Release|Win32
		{B12702AD-ABFB-343A-A199-8E24837244A3}.Release|x64.ActiveCfg = Release|Win32
		{B12702AD-ABFB-343A-A199-8E24837244A3}.Release|x86.ActiveCfg = Release|Win32
		{B12702AD-ABFB-343A-A199-8E24837244A3}.Release|x86.Build.0 = Release|Win32
		{B12702AD-ABFB-343A-A199-8E24837244A3}.SingleImage|x64.ActiveCfg = Release|Win32
		{B12702AD-ABFB-343A-A199-8E24837244A3}.SingleImage|x64.Build.0 = Release|Win32
		{B12702AD-ABFB-343A-A199-8E24837244A3}.SingleImage|x86.ActiveCfg = Release|Win32
		{B12702AD-ABFB-343A-A199-8E24837244A3}.SingleImage|x86.Build.0 = Release|Win32
		{671695DD-651F-40F5-88A6-05BD226001F2}.CD_ROM|x64.ActiveCfg = Release|Win32
		{671695DD-651F-40F5-88A6-05BD226001F2}.CD_ROM|x64.Build.0 = Release|Win32
		{671695DD-651F-40F5-88A6-05BD226001F2}.CD_ROM|x86.ActiveCfg = Release|Win32
		{671695DD-651F-40F5-88A6-05BD226001F2}.CD_ROM|x86.Build.0 = Release|Win32
		{671695DD-651F-40F5-88A6-05BD226001F2}.Debug|x64.ActiveCfg = Debug|Win32
		{671695DD-651F-40F5-88A6-05BD226001F2}.Debug|x86.ActiveCfg = Debug|Win32
		{671695DD-651F-40F5-88A6-05BD226001F2}.Debug|x86.Build.0 = Debug|Win32
		{671695DD-651F-40F5-88A6-05BD226001F2}.DVD-5|x64.ActiveCfg = Release|Win32
		{671695DD-651F-40F5-88A6-05BD226001F2}.DVD-5|x64.Build.0 = Release|Win32
		{671695DD-651F-40F5-88A6-05BD226001F2}.DVD-5|x86.ActiveCfg = Release|Win32
		{671695DD-651F-40F5-88A6-05BD226001F2}.DVD-5|x86.Build.0 = Release|Win32
		{671695DD-651F-40F5-88A6-05BD226001F2}.Release|x64.ActiveCfg = Release|Win32
		{671695DD-651F-40F5-88A6-05BD226001F2}.Release|x86.ActiveCfg = Release|Win32
		{671695DD-651F-40F5-88A6-05BD226001F2}.Release|x86.Build.0 = Release|Win32
		{671695DD-651F-40F5-88A6-05BD226001F2}.SingleImage|x64.ActiveCfg = Release|Win32
		{671695DD-651F-40F5-88A6-05BD226001F2}.SingleImage|x64.Build.0 = Release|Win32
		{671695DD-651F-40F5-88A6-05BD226001F2}.SingleImage|x86.ActiveCfg = Release|Win32
		{671695DD-651F-40F5-88A6-05BD226001F2}.SingleImage|x86.Build.0 = Release|Win32
		{92C9004D-42C5-4AE6-B1C3-91F55AF3B381}.CD_ROM|x64.ActiveCfg = Release|x64
		{92C9004D-42C5-4AE6-B1C3-91F55AF3B381}.CD_ROM|x64.Build.0 = Release|x64
		{92C9004D-42C5-4AE6-B1C3-91F55AF3B381}.CD_ROM|x86.ActiveCfg = Release|Win32
		{92C9004D-42C5-4AE6-B1C3-91F55AF3B381}.CD_ROM|x86.Build.0 = Release|Win32
		{92C9004D-42C5-4AE6-B1C3-91F55AF3B381}.Debug|x64.ActiveCfg = Debug|x64
		{92C9004D-42C5-4AE6-B1C3-91F55AF3B381}.Debug|x64.Build.0 = Debug|x64
		{92C9004D-42C5-4AE6-B1C3-91F55AF3B381}.Debug|x86.ActiveCfg = Debug|Win32
		{92C9004D-42C5-4AE6-B1C3-91F55AF3B381}.Debug|x86.Build.0 = Debug|Win32
		{92C9004D-42C5-4AE6-B1C3-91F55AF3B381}.DVD-5|x64.ActiveCfg = Debug|x64
		{92C9004D-42C5-4AE6-B1C3-91F55AF3B381}.DVD-5|x64.Build.0 = Debug|x64
		{92C9004D-42C5-4AE6-B1C3-91F55AF3B381}.DVD-5|x86.ActiveCfg = Release|Win32
		{92C9004D-42C5-4AE6-B1C3-91F55AF3B381}.DVD-5|x86.Build.0 = Release|Win32
		{92C9004D-42C5-4AE6-B1C3-91F55AF3B381}.Release|x64.ActiveCfg = Release|x64
		{92C9004D-42C5-4AE6-B1C3-91F55AF3B381}.Release|x64.Build.0 = Release|x64
		{92C9004D-42C5-4AE6-B1C3-91F55AF3B381}.Release|x86.ActiveCfg = Release|Win32
		{92C9004D-42C5-4AE6-B1C3-91F55AF3B381}.Release|x86.Build.0 = Release|Win32
		{92C9004D-42C5-4AE6-B1C3-91F55AF3B381}.SingleImage|x64.ActiveCfg = Release|x64
		{92C9004D-42C5-4AE6-B1C3-91F55AF3B381}.SingleImage|x64.Build.0 = Release|x64
		{92C9004D-42C5-4AE6-B1C3-91F55AF3B381}.SingleImage|x86.ActiveCfg = Release|Win32
		{92C9004D-42C5-4AE6-B1C3-91F55AF3B381}.SingleImage|x86.Build.0 = Release|Win32
		{B06FC142-D558-49D0-B6F8-4C9EF010F465}.CD_ROM|x64.ActiveCfg = CD_ROM
		{B06FC142-D558-49D0-B6F8-4C9EF010F465}.CD_ROM|x64.Build.0 = CD_ROM
		{B06FC142-D558-49D0-B6F8-4C9EF010F465}.CD_ROM|x86.ActiveCfg = CD_ROM
		{B06FC142-D558-49D0-B6F8-4C9EF010F465}.CD_ROM|x86.Build.0 = CD_ROM
		{B06FC142-D558-49D0-B6F8-4C9EF010F465}.Debug|x64.ActiveCfg = DVD-5
		{B06FC142-D558-49D0-B6F8-4C9EF010F465}.Debug|x64.Build.0 = DVD-5
		{B06FC142-D558-49D0-B6F8-4C9EF010F465}.Debug|x86.ActiveCfg = SingleImage
		{B06FC142-D558-49D0-B6F8-4C9EF010F465}.Debug|x86.Build.0 = SingleImage
		{B06FC142-D558-49D0-B6F8-4C9EF010F465}.Debug|x86.Deploy.0 = SingleImage
		{B06FC142-D558-49D0-B6F8-4C9EF010F465}.DVD-5|x64.ActiveCfg = DVD-5
		{B06FC142-D558-49D0-B6F8-4C9EF010F465}.DVD-5|x64.Build.0 = DVD-5
		{B06FC142-D558-49D0-B6F8-4C9EF010F465}.DVD-5|x86.ActiveCfg = DVD-5
		{B06FC142-D558-49D0-B6F8-4C9EF010F465}.DVD-5|x86.Build.0 = DVD-5
		{B06FC142-D558-49D0-B6F8-4C9EF010F465}.Release|x64.ActiveCfg = SingleImage
		{B06FC142-D558-49D0-B6F8-4C9EF010F465}.Release|x64.Build.0 = SingleImage
		{B06FC142-D558-49D0-B6F8-4C9EF010F465}.Release|x86.ActiveCfg = SingleImage
		{B06FC142-D558-49D0-B6F8-4C9EF010F465}.Release|x86.Build.0 = SingleImage
		{B06FC142-D558-49D0-B6F8-4C9EF010F465}.SingleImage|x64.ActiveCfg = SingleImage
		{B06FC142-D558-49D0-B6F8-4C9EF010F465}.SingleImage|x64.Build.0 = SingleImage
		{B06FC142-D558-49D0-B6F8-4C9EF010F465}.SingleImage|x86.ActiveCfg = SingleImage
		{B06FC142-D558-49D0-B6F8-4C9EF010F465}.SingleImage|x86.Build.0 = SingleImage
	EndGlobalSection
	GlobalSection(SolutionProperties) = preSolution
		HideSolutionNode = FALSE
	EndGlobalSection
EndGlobal
